{
  "name": "startbootstrap-agency",
  "version": "4.0.0-beta.2",
  "lockfileVersion": 1,
  "requires": true,
  "dependencies": {
    "startbootstrap-blog-home": {
      "version": "4.1.1",
      "resolved": "https://registry.npmjs.org/startbootstrap-blog-home/-/startbootstrap-blog-home-4.1.1.tgz",
      "integrity": "sha512-VJsyvGZtPpZOUGRLay20wahSq8Ob1kRAiBsnbttsqGmsbAUQAasu+SZ19Vz0H0hYwun7+M2kZzxwL+58vYzh2A==",
      "requires": {
        "bootstrap": "4.1.1",
        "jquery": "3.3.1"
      },
      "dependencies": {
        "bootstrap": {
          "version": "4.1.1",
          "resolved": "https://registry.npmjs.org/bootstrap/-/bootstrap-4.1.1.tgz",
          "integrity": "sha512-SpiDSOcbg4J/PjVSt4ny5eY6j74VbVSjROY4Fb/WIUXBV9cnb5luyR4KnPvNoXuGnBK1T+nJIWqRsvU3yP8Mcg=="
        },
        "jquery": {
          "version": "3.3.1",
          "resolved": "https://registry.npmjs.org/jquery/-/jquery-3.3.1.tgz",
          "integrity": "sha512-Ubldcmxp5np52/ENotGxlLe6aGMvmF4R8S6tZjsP6Knsaxd/xp3Zrh50cG93lR6nPXyUFwzN3ZSOQI0wRJNdGg=="
        }
      }
    },
    "startbootstrap-blog-post": {
      "version": "4.1.1",
      "resolved": "https://registry.npmjs.org/startbootstrap-blog-post/-/startbootstrap-blog-post-4.1.1.tgz",
      "integrity": "sha512-6eVzdp+1SmE8QVyYf3x9v+E1QcV07uTO73MhRu7r61dnaf/+NteG4i9o4p3qJOQb38cz6irbU7l/xntUDWlw/g==",
      "requires": {
        "bootstrap": "4.1.1",
        "jquery": "3.3.1"
      },
      "dependencies": {
        "bootstrap": {
          "version": "4.1.1",
          "resolved": "https://registry.npmjs.org/bootstrap/-/bootstrap-4.1.1.tgz",
          "integrity": "sha512-SpiDSOcbg4J/PjVSt4ny5eY6j74VbVSjROY4Fb/WIUXBV9cnb5luyR4KnPvNoXuGnBK1T+nJIWqRsvU3yP8Mcg=="
        },
        "jquery": {
          "version": "3.3.1",
          "resolved": "https://registry.npmjs.org/jquery/-/jquery-3.3.1.tgz",
          "integrity": "sha512-Ubldcmxp5np52/ENotGxlLe6aGMvmF4R8S6tZjsP6Knsaxd/xp3Zrh50cG93lR6nPXyUFwzN3ZSOQI0wRJNdGg=="
        }
      }
    }
  }
}
